
Microsoft Visual Studio Solution File, Format Version 12.00
# Visual Studio Version 16
VisualStudioVersion = 16.0.31321.278
MinimumVisualStudioVersion = 10.0.40219.1
Project("{9A19103F-16F7-4668-BE54-9A1E7A4F7556}") = "RestFullApiCorpitech", "RestFullApiCorpitech\RestFullApiCorpitech.csproj", "{20428A1A-78C6-4DA1-AF12-F24D584A7604}"
EndProject
Project("{FAE04EC0-301F-11D3-BF4B-00C04F79EFBC}") = "RestFullMvc", "RestFullMvc\RestFullMvc.csproj", "{F9D93D94-D5CB-4BBC-B125-1E0B3099E625}"
EndProject
Global
	GlobalSection(SolutionConfigurationPlatforms) = preSolution
		Debug|Any CPU = Debug|Any CPU
		Release|Any CPU = Release|Any CPU
	EndGlobalSection
	GlobalSection(ProjectConfigurationPlatforms) = postSolution
		{20428A1A-78C6-4DA1-AF12-F24D584A7604}.Debug|Any CPU.ActiveCfg = Debug|Any CPU
		{20428A1A-78C6-4DA1-AF12-F24D584A7604}.Debug|Any CPU.Build.0 = Debug|Any CPU
		{20428A1A-78C6-4DA1-AF12-F24D584A7604}.Release|Any CPU.ActiveCfg = Release|Any CPU
		{20428A1A-78C6-4DA1-AF12-F24D584A7604}.Release|Any CPU.Build.0 = Release|Any CPU
		{F9D93D94-D5CB-4BBC-B125-1E0B3099E625}.Debug|Any CPU.ActiveCfg = Debug|Any CPU
		{F9D93D94-D5CB-4BBC-B125-1E0B3099E625}.Debug|Any CPU.Build.0 = Debug|Any CPU
		{F9D93D94-D5CB-4BBC-B125-1E0B3099E625}.Release|Any CPU.ActiveCfg = Release|Any CPU
		{F9D93D94-D5CB-4BBC-B125-1E0B3099E625}.Release|Any CPU.Build.0 = Release|Any CPU
	EndGlobalSection
	GlobalSection(SolutionProperties) = preSolution
		HideSolutionNode = FALSE
	EndGlobalSection
	GlobalSection(ExtensibilityGlobals) = postSolution
		SolutionGuid = {D41CBCEC-EFF1-4D78-B6F0-3E2FBA2B5C24}
	EndGlobalSection
EndGlobal
